
Microsoft Visual Studio Solution File, Format Version 12.00
# Visual Studio 15
VisualStudioVersion = 15.0.27004.2006
MinimumVisualStudioVersion = 10.0.40219.1
Project("{9A19103F-16F7-4668-BE54-9A1E7A4F7556}") = "Web.Api", "Web.Api\Web.Api.csproj", "{DD6773B8-C238-4D0F-B094-F5624DEEBB07}"
EndProject
Project("{9A19103F-16F7-4668-BE54-9A1E7A4F7556}") = "DataManager", "DataManager\DataManager.csproj", "{34D69F99-F649-46E5-B865-7969ECB520C7}"
EndProject
Project("{2150E333-8FDC-42A3-9474-1A3956D46DE8}") = "Tests", "Tests", "{EF10ADB8-4DC4-441B-B9D5-D64AFF980C49}"
EndProject
Project("{9A19103F-16F7-4668-BE54-9A1E7A4F7556}") = "DataManager.Tests", "DataManager.Tests\DataManager.Tests.csproj", "{7DD383F6-5C3C-4821-B922-CF5F9BB0129C}"
EndProject
Project("{FAE04EC0-301F-11D3-BF4B-00C04F79EFBC}") = "Web.Api.Tests", "Web.Api.Tests\Web.Api.Tests.csproj", "{D4A2DCBE-7026-4EF2-AB17-9EF744C106CE}"
EndProject
Global
	GlobalSection(SolutionConfigurationPlatforms) = preSolution
		Debug|Any CPU = Debug|Any CPU
		Release|Any CPU = Release|Any CPU
	EndGlobalSection
	GlobalSection(ProjectConfigurationPlatforms) = postSolution
		{DD6773B8-C238-4D0F-B094-F5624DEEBB07}.Debug|Any CPU.ActiveCfg = Debug|Any CPU
		{DD6773B8-C238-4D0F-B094-F5624DEEBB07}.Debug|Any CPU.Build.0 = Debug|Any CPU
		{DD6773B8-C238-4D0F-B094-F5624DEEBB07}.Release|Any CPU.ActiveCfg = Release|Any CPU
		{DD6773B8-C238-4D0F-B094-F5624DEEBB07}.Release|Any CPU.Build.0 = Release|Any CPU
		{34D69F99-F649-46E5-B865-7969ECB520C7}.Debug|Any CPU.ActiveCfg = Debug|Any CPU
		{34D69F99-F649-46E5-B865-7969ECB520C7}.Debug|Any CPU.Build.0 = Debug|Any CPU
		{34D69F99-F649-46E5-B865-7969ECB520C7}.Release|Any CPU.ActiveCfg = Release|Any CPU
		{34D69F99-F649-46E5-B865-7969ECB520C7}.Release|Any CPU.Build.0 = Release|Any CPU
		{7DD383F6-5C3C-4821-B922-CF5F9BB0129C}.Debug|Any CPU.ActiveCfg = Debug|Any CPU
		{7DD383F6-5C3C-4821-B922-CF5F9BB0129C}.Debug|Any CPU.Build.0 = Debug|Any CPU
		{7DD383F6-5C3C-4821-B922-CF5F9BB0129C}.Release|Any CPU.ActiveCfg = Release|Any CPU
		{7DD383F6-5C3C-4821-B922-CF5F9BB0129C}.Release|Any CPU.Build.0 = Release|Any CPU
		{D4A2DCBE-7026-4EF2-AB17-9EF744C106CE}.Debug|Any CPU.ActiveCfg = Debug|Any CPU
		{D4A2DCBE-7026-4EF2-AB17-9EF744C106CE}.Debug|Any CPU.Build.0 = Debug|Any CPU
		{D4A2DCBE-7026-4EF2-AB17-9EF744C106CE}.Release|Any CPU.ActiveCfg = Release|Any CPU
		{D4A2DCBE-7026-4EF2-AB17-9EF744C106CE}.Release|Any CPU.Build.0 = Release|Any CPU
	EndGlobalSection
	GlobalSection(SolutionProperties) = preSolution
		HideSolutionNode = FALSE
	EndGlobalSection
	GlobalSection(NestedProjects) = preSolution
		{7DD383F6-5C3C-4821-B922-CF5F9BB0129C} = {EF10ADB8-4DC4-441B-B9D5-D64AFF980C49}
		{D4A2DCBE-7026-4EF2-AB17-9EF744C106CE} = {EF10ADB8-4DC4-441B-B9D5-D64AFF980C49}
	EndGlobalSection
	GlobalSection(ExtensibilityGlobals) = postSolution
		SolutionGuid = {7E013CC7-4FAD-4075-8F17-33FA6A0D6EF6}
	EndGlobalSection
EndGlobal
